
Microsoft Visual Studio Solution File, Format Version 12.00
# Visual Studio Version 17
VisualStudioVersion = 17.1.32421.90
MinimumVisualStudioVersion = 10.0.40219.1
Project("{FAE04EC0-301F-11D3-BF4B-00C04F79EFBC}") = "Игра", "Игра\Игра.csproj", "{463E131D-CA14-4FB0-8E10-59D310482DE4}"
EndProject
Global
	GlobalSection(SolutionConfigurationPlatforms) = preSolution
		Debug|Any CPU = Debug|Any CPU
		Release|Any CPU = Release|Any CPU
	EndGlobalSection
	GlobalSection(ProjectConfigurationPlatforms) = postSolution
		{463E131D-CA14-4FB0-8E10-59D310482DE4}.Debug|Any CPU.ActiveCfg = Debug|Any CPU
		{463E131D-CA14-4FB0-8E10-59D310482DE4}.Debug|Any CPU.Build.0 = Debug|Any CPU
		{463E131D-CA14-4FB0-8E10-59D310482DE4}.Release|Any CPU.ActiveCfg = Release|Any CPU
		{463E131D-CA14-4FB0-8E10-59D310482DE4}.Release|Any CPU.Build.0 = Release|Any CPU
	EndGlobalSection
	GlobalSection(SolutionProperties) = preSolution
		HideSolutionNode = FALSE
	EndGlobalSection
	GlobalSection(ExtensibilityGlobals) = postSolution
		SolutionGuid = {37DB11AB-CFE8-494C-B883-098666AEFD3A}
	EndGlobalSection
EndGlobal
